
Microsoft Visual Studio Solution File, Format Version 12.00
# Visual Studio Version 16
VisualStudioVersion = 16.0.29609.76
MinimumVisualStudioVersion = 10.0.40219.1
Project("{9A19103F-16F7-4668-BE54-9A1E7A4F7556}") = "NagaExe", "Naga\NagaExe.csproj", "{DAD57BF0-BAAD-4E36-A43C-B9BA931D576D}"
EndProject
Project("{D954291E-2A0B-460D-934E-DC6B0785DB48}") = "NagaCode", "NagaCode\NagaCode.shproj", "{DDF4EDCE-16E4-4463-B03A-748DDE9358CA}"
EndProject
Project("{9A19103F-16F7-4668-BE54-9A1E7A4F7556}") = "NagaDll", "NagaDll\NagaDll.csproj", "{AAB3F21B-87C8-4882-B8B4-9B93EBD7F93A}"
EndProject
Global
	GlobalSection(SharedMSBuildProjectFiles) = preSolution
		NagaCode\NagaCode.projitems*{ddf4edce-16e4-4463-b03a-748dde9358ca}*SharedItemsImports = 13
	EndGlobalSection
	GlobalSection(SolutionConfigurationPlatforms) = preSolution
		Debug|Any CPU = Debug|Any CPU
		Release|Any CPU = Release|Any CPU
	EndGlobalSection
	GlobalSection(ProjectConfigurationPlatforms) = postSolution
		{DAD57BF0-BAAD-4E36-A43C-B9BA931D576D}.Debug|Any CPU.ActiveCfg = Debug|Any CPU
		{DAD57BF0-BAAD-4E36-A43C-B9BA931D576D}.Debug|Any CPU.Build.0 = Debug|Any CPU
		{DAD57BF0-BAAD-4E36-A43C-B9BA931D576D}.Release|Any CPU.ActiveCfg = Release|Any CPU
		{DAD57BF0-BAAD-4E36-A43C-B9BA931D576D}.Release|Any CPU.Build.0 = Release|Any CPU
		{AAB3F21B-87C8-4882-B8B4-9B93EBD7F93A}.Debug|Any CPU.ActiveCfg = Debug|Any CPU
		{AAB3F21B-87C8-4882-B8B4-9B93EBD7F93A}.Debug|Any CPU.Build.0 = Debug|Any CPU
		{AAB3F21B-87C8-4882-B8B4-9B93EBD7F93A}.Release|Any CPU.ActiveCfg = Release|Any CPU
		{AAB3F21B-87C8-4882-B8B4-9B93EBD7F93A}.Release|Any CPU.Build.0 = Release|Any CPU
	EndGlobalSection
	GlobalSection(SolutionProperties) = preSolution
		HideSolutionNode = FALSE
	EndGlobalSection
	GlobalSection(ExtensibilityGlobals) = postSolution
		SolutionGuid = {31332445-CECF-4AA1-8D17-FEE9E5F6D83B}
	EndGlobalSection
EndGlobal
